PATH
  remote: .
  specs:
    shunkuntype (1.0.16)
      gnuplot
      systemu (~> 2.5.1)

GEM
  remote: https://rubygems.org/
  specs:
    diff-lcs (1.5.1)
    gnuplot (2.6.2)
    rake (12.3.3)
    rspec (3.13.0)
      rspec-core (~> 3.13.0)
      rspec-expectations (~> 3.13.0)
      rspec-mocks (~> 3.13.0)
    rspec-core (3.13.0)
      rspec-support (~> 3.13.0)
    rspec-expectations (3.13.0)
      diff-lcs (>= 1.2.0, < 2.0)
      rspec-support (~> 3.13.0)
    rspec-mocks (3.13.0)
      diff-lcs (>= 1.2.0, < 2.0)
      rspec-support (~> 3.13.0)
    rspec-support (3.13.1)
    systemu (2.5.2)
    yard (0.9.37)

PLATFORMS
  arm64-darwin-20
  ruby

DEPENDENCIES
  bundler
  rake (~> 12.3.3)
  rspec
  shunkuntype!
  yard (~> 0.9.11)

BUNDLED WITH
   2.5.21
